
Microsoft Visual Studio Solution File, Format Version 12.00
# Visual Studio Version 17
VisualStudioVersion = 17.7.34031.279
MinimumVisualStudioVersion = 10.0.40219.1
Project("{9A19103F-16F7-4668-BE54-9A1E7A4F7556}") = "WeatherViewer", "WeatherViewer.csproj", "{FD28F067-6526-4713-8A33-2E2EB1A28AB4}"
EndProject
Project("{FAE04EC0-301F-11D3-BF4B-00C04F79EFBC}") = "WeatherViewer.Tests", "..\WeatherViewer.Tests\WeatherViewer.Tests.csproj", "{8219E5A0-37E3-488C-AE21-4456F9FA49B5}"
EndProject
Global
	GlobalSection(SolutionConfigurationPlatforms) = preSolution
		Debug|Any CPU = Debug|Any CPU
		Release|Any CPU = Release|Any CPU
	EndGlobalSection
	GlobalSection(ProjectConfigurationPlatforms) = postSolution
		{FD28F067-6526-4713-8A33-2E2EB1A28AB4}.Debug|Any CPU.ActiveCfg = Debug|Any CPU
		{FD28F067-6526-4713-8A33-2E2EB1A28AB4}.Debug|Any CPU.Build.0 = Debug|Any CPU
		{FD28F067-6526-4713-8A33-2E2EB1A28AB4}.Release|Any CPU.ActiveCfg = Release|Any CPU
		{FD28F067-6526-4713-8A33-2E2EB1A28AB4}.Release|Any CPU.Build.0 = Release|Any CPU
		{8219E5A0-37E3-488C-AE21-4456F9FA49B5}.Debug|Any CPU.ActiveCfg = Debug|Any CPU
		{8219E5A0-37E3-488C-AE21-4456F9FA49B5}.Debug|Any CPU.Build.0 = Debug|Any CPU
		{8219E5A0-37E3-488C-AE21-4456F9FA49B5}.Release|Any CPU.ActiveCfg = Release|Any CPU
		{8219E5A0-37E3-488C-AE21-4456F9FA49B5}.Release|Any CPU.Build.0 = Release|Any CPU
	EndGlobalSection
	GlobalSection(SolutionProperties) = preSolution
		HideSolutionNode = FALSE
	EndGlobalSection
EndGlobal
